
Microsoft Visual Studio Solution File, Format Version 12.00
# Visual Studio Version 16
VisualStudioVersion = 16.0.31702.278
MinimumVisualStudioVersion = 10.0.40219.1
Project("{FAE04EC0-301F-11D3-BF4B-00C04F79EFBC}") = "TicTacToe", "TicTacToe.csproj", "{AD8B8CA4-E4B9-4273-9131-CCB4B0535A27}"
EndProject
Global
	GlobalSection(SolutionConfigurationPlatforms) = preSolution
		Debug|Any CPU = Debug|Any CPU
		Release|Any CPU = Release|Any CPU
	EndGlobalSection
	GlobalSection(ProjectConfigurationPlatforms) = postSolution
		{AD8B8CA4-E4B9-4273-9131-CCB4B0535A27}.Debug|Any CPU.ActiveCfg = Debug|Any CPU
		{AD8B8CA4-E4B9-4273-9131-CCB4B0535A27}.Debug|Any CPU.Build.0 = Debug|Any CPU
		{AD8B8CA4-E4B9-4273-9131-CCB4B0535A27}.Release|Any CPU.ActiveCfg = Release|Any CPU
		{AD8B8CA4-E4B9-4273-9131-CCB4B0535A27}.Release|Any CPU.Build.0 = Release|Any CPU
	EndGlobalSection
	GlobalSection(SolutionProperties) = preSolution
		HideSolutionNode = FALSE
	EndGlobalSection
	GlobalSection(ExtensibilityGlobals) = postSolution
		SolutionGuid = {AE88C92F-3D4B-4753-AEC2-00A9667C35B8}
	EndGlobalSection
EndGlobal
